// !$*UTF8*$!
{
	archiveVersion = 1;
	classes = {
	};
	objectVersion = 48;
	objects = {

/* Begin PBXBuildFile section */
		941548511FF45F0F00704357 /* MapViewController.swift in Sources */ = {isa = PBXBuildFile; fileRef = 941548501FF45F0F00704357 /* MapViewController.swift */; };
		941548531FF482F000704357 /* World.swift in Sources */ = {isa = PBXBuildFile; fileRef = 941548521FF482F000704357 /* World.swift */; };
		941548551FF4830100704357 /* Obstacle.swift in Sources */ = {isa = PBXBuildFile; fileRef = 941548541FF4830100704357 /* Obstacle.swift */; };
		941548571FF4851F00704357 /* cats.jpg in Resources */ = {isa = PBXBuildFile; fileRef = 941548561FF4851F00704357 /* cats.jpg */; };
		941548591FF485DA00704357 /* cat2.jpeg in Resources */ = {isa = PBXBuildFile; fileRef = 941548581FF485DA00704357 /* cat2.jpeg */; };
		9415485B1FF48A2B00704357 /* Game.swift in Sources */ = {isa = PBXBuildFile; fileRef = 9415485A1FF48A2B00704357 /* Game.swift */; };
		94F054B01FE06937006A8141 /* AppDelegate.swift in Sources */ = {isa = PBXBuildFile; fileRef = 94F054AF1FE06937006A8141 /* AppDelegate.swift */; };
		94F054B21FE06937006A8141 /* GameScene.sks in Resources */ = {isa = PBXBuildFile; fileRef = 94F054B11FE06937006A8141 /* GameScene.sks */; };
		94F054B41FE06937006A8141 /* Actions.sks in Resources */ = {isa = PBXBuildFile; fileRef = 94F054B31FE06937006A8141 /* Actions.sks */; };
		94F054B61FE06937006A8141 /* GameScene.swift in Sources */ = {isa = PBXBuildFile; fileRef = 94F054B51FE06937006A8141 /* GameScene.swift */; };
		94F054B81FE06937006A8141 /* GameViewController.swift in Sources */ = {isa = PBXBuildFile; fileRef = 94F054B71FE06937006A8141 /* GameViewController.swift */; };
		94F054BB1FE06937006A8141 /* Main.storyboard in Resources */ = {isa = PBXBuildFile; fileRef = 94F054B91FE06937006A8141 /* Main.storyboard */; };
		94F054BD1FE06937006A8141 /* Assets.xcassets in Resources */ = {isa = PBXBuildFile; fileRef = 94F054BC1FE06937006A8141 /* Assets.xcassets */; };
		94F054C01FE06937006A8141 /* LaunchScreen.storyboard in Resources */ = {isa = PBXBuildFile; fileRef = 94F054BE1FE06937006A8141 /* LaunchScreen.storyboard */; };
		94F054C81FE069A7006A8141 /* Assets in Resources */ = {isa = PBXBuildFile; fileRef = 94F054C71FE069A7006A8141 /* Assets */; };
/* End PBXBuildFile section */

/* Begin PBXFileReference section */
		941548501FF45F0F00704357 /* MapViewController.swift */ = {isa = PBXFileReference; lastKnownFileType = sourcecode.swift; path = MapViewController.swift; sourceTree = "<group>"; };
		941548521FF482F000704357 /* World.swift */ = {isa = PBXFileReference; lastKnownFileType = sourcecode.swift; path = World.swift; sourceTree = "<group>"; };
		941548541FF4830100704357 /* Obstacle.swift */ = {isa = PBXFileReference; lastKnownFileType = sourcecode.swift; path = Obstacle.swift; sourceTree = "<group>"; };
		941548561FF4851F00704357 /* cats.jpg */ = {isa = PBXFileReference; lastKnownFileType = image.jpeg; path = cats.jpg; sourceTree = "<group>"; };
		941548581FF485DA00704357 /* cat2.jpeg */ = {isa = PBXFileReference; lastKnownFileType = image.jpeg; path = cat2.jpeg; sourceTree = "<group>"; };
		9415485A1FF48A2B00704357 /* Game.swift */ = {isa = PBXFileReference; lastKnownFileType = sourcecode.swift; path = Game.swift; sourceTree = "<group>"; };
		94F054AC1FE06937006A8141 /* InfiniteExplorer.app */ = {isa = PBXFileReference; explicitFileType = wrapper.application; includeInIndex = 0; path = InfiniteExplorer.app; sourceTree = BUILT_PRODUCTS_DIR; };
		94F054AF1FE06937006A8141 /* AppDelegate.swift */ = {isa = PBXFileReference; lastKnownFileType = sourcecode.swift; path = AppDelegate.swift; sourceTree = "<group>"; };
		94F054B11FE06937006A8141 /* GameScene.sks */ = {isa = PBXFileReference; lastKnownFileType = file.sks; path = GameScene.sks; sourceTree = "<group>"; };
		94F054B31FE06937006A8141 /* Actions.sks */ = {isa = PBXFileReference; lastKnownFileType = file.sks; path = Actions.sks; sourceTree = "<group>"; };
		94F054B51FE06937006A8141 /* GameScene.swift */ = {isa = PBXFileReference; lastKnownFileType = sourcecode.swift; path = GameScene.swift; sourceTree = "<group>"; };
		94F054B71FE06937006A8141 /* GameViewController.swift */ = {isa = PBXFileReference; lastKnownFileType = sourcecode.swift; path = GameViewController.swift; sourceTree = "<group>"; };
		94F054BA1FE06937006A8141 /* Base */ = {isa = PBXFileReference; lastKnownFileType = file.storyboard; name = Base; path = Base.lproj/Main.storyboard; sourceTree = "<group>"; };
		94F054BC1FE06937006A8141 /* Assets.xcassets */ = {isa = PBXFileReference; lastKnownFileType = folder.assetcatalog; path = Assets.xcassets; sourceTree = "<group>"; };
		94F054BF1FE06937006A8141 /* Base */ = {isa = PBXFileReference; lastKnownFileType = file.storyboard; name = Base; path = Base.lproj/LaunchScreen.storyboard; sourceTree = "<group>"; };
		94F054C11FE06937006A8141 /* Info.plist */ = {isa = PBXFileReference; lastKnownFileType = text.plist.xml; path = Info.plist; sourceTree = "<group>"; };
		94F054C71FE069A7006A8141 /* Assets */ = {isa = PBXFileReference; lastKnownFileType = folder; name = Assets; path = InfiniteExplorer/Assets; sourceTree = "<group>"; };
/* End PBXFileReference section */

/* Begin PBXFrameworksBuildPhase section */
		94F054A91FE06937006A8141 /* Frameworks */ = {
			isa = PBXFrameworksBuildPhase;
			buildActionMask = 2147483647;
			files = (
			);
			runOnlyForDeploymentPostprocessing = 0;
		};
/* End PBXFrameworksBuildPhase section */

/* Begin PBXGroup section */
		94F054A31FE06937006A8141 = {
			isa = PBXGroup;
			children = (
				94F054AE1FE06937006A8141 /* InfiniteExplorer */,
				94F054AD1FE06937006A8141 /* Products */,
				94F054C71FE069A7006A8141 /* Assets */,
			);
			sourceTree = "<group>";
		};
		94F054AD1FE06937006A8141 /* Products */ = {
			isa = PBXGroup;
			children = (
				94F054AC1FE06937006A8141 /* InfiniteExplorer.app */,
			);
			name = Products;
			sourceTree = "<group>";
		};
		94F054AE1FE06937006A8141 /* InfiniteExplorer */ = {
			isa = PBXGroup;
			children = (
				94F054AF1FE06937006A8141 /* AppDelegate.swift */,
				94F054B11FE06937006A8141 /* GameScene.sks */,
				94F054B31FE06937006A8141 /* Actions.sks */,
				94F054B51FE06937006A8141 /* GameScene.swift */,
				94F054B71FE06937006A8141 /* GameViewController.swift */,
				94F054B91FE06937006A8141 /* Main.storyboard */,
				94F054BC1FE06937006A8141 /* Assets.xcassets */,
				94F054BE1FE06937006A8141 /* LaunchScreen.storyboard */,
				94F054C11FE06937006A8141 /* Info.plist */,
				941548501FF45F0F00704357 /* MapViewController.swift */,
				941548521FF482F000704357 /* World.swift */,
				941548541FF4830100704357 /* Obstacle.swift */,
				941548561FF4851F00704357 /* cats.jpg */,
				941548581FF485DA00704357 /* cat2.jpeg */,
				9415485A1FF48A2B00704357 /* Game.swift */,
			);
			path = InfiniteExplorer;
			sourceTree = "<group>";
		};
/* End PBXGroup section */

/* Begin PBXNativeTarget section */
		94F054AB1FE06937006A8141 /* InfiniteExplorer */ = {
			isa = PBXNativeTarget;
			buildConfigurationList = 94F054C41FE06937006A8141 /* Build configuration list for PBXNativeTarget "InfiniteExplorer" */;
			buildPhases = (
				94F054A81FE06937006A8141 /* Sources */,
				94F054A91FE06937006A8141 /* Frameworks */,
				94F054AA1FE06937006A8141 /* Resources */,
			);
			buildRules = (
			);
			dependencies = (
			);
			name = InfiniteExplorer;
			productName = InfiniteExplorer;
			productReference = 94F054AC1FE06937006A8141 /* InfiniteExplorer.app */;
			productType = "com.apple.product-type.application";
		};
/* End PBXNativeTarget section */

/* Begin PBXProject section */
		94F054A41FE06937006A8141 /* Project object */ = {
			isa = PBXProject;
			attributes = {
				LastSwiftUpdateCheck = 0920;
				LastUpgradeCheck = 0920;
				ORGANIZATIONNAME = "Ryan Falcon";
				TargetAttributes = {
					94F054AB1FE06937006A8141 = {
						CreatedOnToolsVersion = 9.2;
						ProvisioningStyle = Automatic;
					};
				};
			};
			buildConfigurationList = 94F054A71FE06937006A8141 /* Build configuration list for PBXProject "InfiniteExplorer" */;
			compatibilityVersion = "Xcode 8.0";
			developmentRegion = en;
			hasScannedForEncodings = 0;
			knownRegions = (
				en,
				Base,
			);
			mainGroup = 94F054A31FE06937006A8141;
			productRefGroup = 94F054AD1FE06937006A8141 /* Products */;
			projectDirPath = "";
			projectRoot = "";
			targets = (
				94F054AB1FE06937006A8141 /* InfiniteExplorer */,
			);
		};
/* End PBXProject section */

/* Begin PBXResourcesBuildPhase section */
		94F054AA1FE06937006A8141 /* Resources */ = {
			isa = PBXResourcesBuildPhase;
			buildActionMask = 2147483647;
			files = (
				94F054BB1FE06937006A8141 /* Main.storyboard in Resources */,
				941548571FF4851F00704357 /* cats.jpg in Resources */,
				94F054C81FE069A7006A8141 /* Assets in Resources */,
				94F054B21FE06937006A8141 /* GameScene.sks in Resources */,
				94F054BD1FE06937006A8141 /* Assets.xcassets in Resources */,
				94F054C01FE06937006A8141 /* LaunchScreen.storyboard in Resources */,
				94F054B41FE06937006A8141 /* Actions.sks in Resources */,
				941548591FF485DA00704357 /* cat2.jpeg in Resources */,
			);
			runOnlyForDeploymentPostprocessing = 0;
		};
/* End PBXResourcesBuildPhase section */

/* Begin PBXSourcesBuildPhase section */
		94F054A81FE06937006A8141 /* Sources */ = {
			isa = PBXSourcesBuildPhase;
			buildActionMask = 2147483647;
			files = (
				94F054B61FE06937006A8141 /* GameScene.swift in Sources */,
				94F054B81FE06937006A8141 /* GameViewController.swift in Sources */,
				9415485B1FF48A2B00704357 /* Game.swift in Sources */,
				941548551FF4830100704357 /* Obstacle.swift in Sources */,
				94F054B01FE06937006A8141 /* AppDelegate.swift in Sources */,
				941548511FF45F0F00704357 /* MapViewController.swift in Sources */,
				941548531FF482F000704357 /* World.swift in Sources */,
			);
			runOnlyForDeploymentPostprocessing = 0;
		};
/* End PBXSourcesBuildPhase section */

/* Begin PBXVariantGroup section */
		94F054B91FE06937006A8141 /* Main.storyboard */ = {
			isa = PBXVariantGroup;
			children = (
				94F054BA1FE06937006A8141 /* Base */,
			);
			name = Main.storyboard;
			sourceTree = "<group>";
		};
		94F054BE1FE06937006A8141 /* LaunchScreen.storyboard */ = {
			isa = PBXVariantGroup;
			children = (
				94F054BF1FE06937006A8141 /* Base */,
			);
			name = LaunchScreen.storyboard;
			sourceTree = "<group>";
		};
/* End PBXVariantGroup section */

/* Begin XCBuildConfiguration section */
		94F054C21FE06937006A8141 /* Debug */ = {
			isa = XCBuildConfiguration;
			buildSettings = {
				ALWAYS_SEARCH_USER_PATHS = NO;
				CLANG_ANALYZER_NONNULL = YES;
				CLANG_ANALYZER_NUMBER_OBJECT_CONVERSION = YES_AGGRESSIVE;
				CLANG_CXX_LANGUAGE_STANDARD = "gnu++14";
				CLANG_CXX_LIBRARY = "libc++";
				CLANG_ENABLE_MODULES = YES;
				CLANG_ENABLE_OBJC_ARC = YES;
				CLANG_WARN_BLOCK_CAPTURE_AUTORELEASING = YES;
				CLANG_WARN_BOOL_CONVERSION = YES;
				CLANG_WARN_COMMA = YES;
				CLANG_WARN_CONSTANT_CONVERSION = YES;
				CLANG_WARN_DIRECT_OBJC_ISA_USAGE = YES_ERROR;
				CLANG_WARN_DOCUMENTATION_COMMENTS = YES;
				CLANG_WARN_EMPTY_BODY = YES;
				CLANG_WARN_ENUM_CONVERSION = YES;
				CLANG_WARN_INFINITE_RECURSION = YES;
				CLANG_WARN_INT_CONVERSION = YES;
				CLANG_WARN_NON_LITERAL_NULL_CONVERSION = YES;
				CLANG_WARN_OBJC_LITERAL_CONVERSION = YES;
				CLANG_WARN_OBJC_ROOT_CLASS = YES_ERROR;
				CLANG_WARN_RANGE_LOOP_ANALYSIS = YES;
				CLANG_WARN_STRICT_PROTOTYPES = YES;
				CLANG_WARN_SUSPICIOUS_MOVE = YES;
				CLANG_WARN_UNGUARDED_AVAILABILITY = YES_AGGRESSIVE;
				CLANG_WARN_UNREACHABLE_CODE = YES;
				CLANG_WARN__DUPLICATE_METHOD_MATCH = YES;
				CODE_SIGN_IDENTITY = "iPhone Developer";
				COPY_PHASE_STRIP = NO;
				DEBUG_INFORMATION_FORMAT = dwarf;
				ENABLE_STRICT_OBJC_MSGSEND = YES;
				ENABLE_TESTABILITY = YES;
				GCC_C_LANGUAGE_STANDARD = gnu11;
				GCC_DYNAMIC_NO_PIC = NO;
				GCC_NO_COMMON_BLOCKS = YES;
				GCC_OPTIMIZATION_LEVEL = 0;
				GCC_PREPROCESSOR_DEFINITIONS = (
					"DEBUG=1",
					"$(inherited)",
				);
				GCC_WARN_64_TO_32_BIT_CONVERSION = YES;
				GCC_WARN_ABOUT_RETURN_TYPE = YES_ERROR;
				GCC_WARN_UNDECLARED_SELECTOR = YES;
				GCC_WARN_UNINITIALIZED_AUTOS = YES_AGGRESSIVE;
				GCC_WARN_UNUSED_FUNCTION = YES;
				GCC_WARN_UNUSED_VARIABLE = YES;
				IPHONEOS_DEPLOYMENT_TARGET = 11.2;
				MTL_ENABLE_DEBUG_INFO = YES;
				ONLY_ACTIVE_ARCH = YES;
				SDKROOT = iphoneos;
				SWIFT_ACTIVE_COMPILATION_CONDITIONS = DEBUG;
				SWIFT_OPTIMIZATION_LEVEL = "-Onone";
			};
			name = Debug;
		};
		94F054C31FE06937006A8141 /* Release */ = {
			isa = XCBuildConfiguration;
			buildSettings = {
				ALWAYS_SEARCH_USER_PATHS = NO;
				CLANG_ANALYZER_NONNULL = YES;
				CLANG_ANALYZER_NUMBER_OBJECT_CONVERSION = YES_AGGRESSIVE;
				CLANG_CXX_LANGUAGE_STANDARD = "gnu++14";
				CLANG_CXX_LIBRARY = "libc++";
				CLANG_ENABLE_MODULES = YES;
				CLANG_ENABLE_OBJC_ARC = YES;
				CLANG_WARN_BLOCK_CAPTURE_AUTORELEASING = YES;
				CLANG_WARN_BOOL_CONVERSION = YES;
				CLANG_WARN_COMMA = YES;
				CLANG_WARN_CONSTANT_CONVERSION = YES;
				CLANG_WARN_DIRECT_OBJC_ISA_USAGE = YES_ERROR;
				CLANG_WARN_DOCUMENTATION_COMMENTS = YES;
				CLANG_WARN_EMPTY_BODY = YES;
				CLANG_WARN_ENUM_CONVERSION = YES;
				CLANG_WARN_INFINITE_RECURSION = YES;
				CLANG_WARN_INT_CONVERSION = YES;
				CLANG_WARN_NON_LITERAL_NULL_CONVERSION = YES;
				CLANG_WARN_OBJC_LITERAL_CONVERSION = YES;
				CLANG_WARN_OBJC_ROOT_CLASS = YES_ERROR;
				CLANG_WARN_RANGE_LOOP_ANALYSIS = YES;
				CLANG_WARN_STRICT_PROTOTYPES = YES;
				CLANG_WARN_SUSPICIOUS_MOVE = YES;
				CLANG_WARN_UNGUARDED_AVAILABILITY = YES_AGGRESSIVE;
				CLANG_WARN_UNREACHABLE_CODE = YES;
				CLANG_WARN__DUPLICATE_METHOD_MATCH = YES;
				CODE_SIGN_IDENTITY = "iPhone Developer";
				COPY_PHASE_STRIP = NO;
				DEBUG_INFORMATION_FORMAT = "dwarf-with-dsym";
				ENABLE_NS_ASSERTIONS = NO;
				ENABLE_STRICT_OBJC_MSGSEND = YES;
				GCC_C_LANGUAGE_STANDARD = gnu11;
				GCC_NO_COMMON_BLOCKS = YES;
				GCC_WARN_64_TO_32_BIT_CONVERSION = YES;
				GCC_WARN_ABOUT_RETURN_TYPE = YES_ERROR;
				GCC_WARN_UNDECLARED_SELECTOR = YES;
				GCC_WARN_UNINITIALIZED_AUTOS = YES_AGGRESSIVE;
				GCC_WARN_UNUSED_FUNCTION = YES;
				GCC_WARN_UNUSED_VARIABLE = YES;
				IPHONEOS_DEPLOYMENT_TARGET = 11.2;
				MTL_ENABLE_DEBUG_INFO = NO;
				SDKROOT = iphoneos;
				SWIFT_OPTIMIZATION_LEVEL = "-Owholemodule";
				VALIDATE_PRODUCT = YES;
			};
			name = Release;
		};
		94F054C51FE06937006A8141 /* Debug */ = {
			isa = XCBuildConfiguration;
			buildSettings = {
				ASSETCATALOG_COMPILER_APPICON_NAME = AppIcon;
				CODE_SIGN_STYLE = Automatic;
				DEVELOPMENT_TEAM = NLTF72QNU8;
				INFOPLIST_FILE = InfiniteExplorer/Info.plist;
				LD_RUNPATH_SEARCH_PATHS = "$(inherited) @executable_path/Frameworks";
				PRODUCT_BUNDLE_IDENTIFIER = "Ryan-Falcon.InfiniteExplorer";
				PRODUCT_NAME = "$(TARGET_NAME)";
				SWIFT_VERSION = 4.0;
				TARGETED_DEVICE_FAMILY = "1,2";
			};
			name = Debug;
		};
		94F054C61FE06937006A8141 /* Release */ = {
			isa = XCBuildConfiguration;
			buildSettings = {
				ASSETCATALOG_COMPILER_APPICON_NAME = AppIcon;
				CODE_SIGN_STYLE = Automatic;
				DEVELOPMENT_TEAM = NLTF72QNU8;
				INFOPLIST_FILE = InfiniteExplorer/Info.plist;
				LD_RUNPATH_SEARCH_PATHS = "$(inherited) @executable_path/Frameworks";
				PRODUCT_BUNDLE_IDENTIFIER = "Ryan-Falcon.InfiniteExplorer";
				PRODUCT_NAME = "$(TARGET_NAME)";
				SWIFT_VERSION = 4.0;
				TARGETED_DEVICE_FAMILY = "1,2";
			};
			name = Release;
		};
/* End XCBuildConfiguration section */

/* Begin XCConfigurationList section */
		94F054A71FE06937006A8141 /* Build configuration list for PBXProject "InfiniteExplorer" */ = {
			isa = XCConfigurationList;
			buildConfigurations = (
				94F054C21FE06937006A8141 /* Debug */,
				94F054C31FE06937006A8141 /* Release */,
			);
			defaultConfigurationIsVisible = 0;
			defaultConfigurationName = Release;
		};
		94F054C41FE06937006A8141 /* Build configuration list for PBXNativeTarget "InfiniteExplorer" */ = {
			isa = XCConfigurationList;
			buildConfigurations = (
				94F054C51FE06937006A8141 /* Debug */,
				94F054C61FE06937006A8141 /* Release */,
			);
			defaultConfigurationIsVisible = 0;
			defaultConfigurationName = Release;
		};
/* End XCConfigurationList section */
	};
	rootObject = 94F054A41FE06937006A8141 /* Project object */;
}
